
Microsoft Visual Studio Solution File, Format Version 12.00
# Visual Studio 15
VisualStudioVersion = 15.0.28307.168
MinimumVisualStudioVersion = 10.0.40219.1
Project("{FAE04EC0-301F-11D3-BF4B-00C04F79EFBC}") = "LeapingGorilla.Testing", "LeapingGorilla.Testing\LeapingGorilla.Testing.csproj", "{EF759E96-4447-4807-AD32-F24829233858}"
EndProject
Project("{FAE04EC0-301F-11D3-BF4B-00C04F79EFBC}") = "LeapingGorilla.Testing.Tests", "LeapingGorilla.Testing.Tests\LeapingGorilla.Testing.Tests.csproj", "{5AE2F9F0-7902-4741-B00D-E8EFCFD09306}"
EndProject
Global
	GlobalSection(SolutionConfigurationPlatforms) = preSolution
		Debug|Any CPU = Debug|Any CPU
		Release|Any CPU = Release|Any CPU
	EndGlobalSection
	GlobalSection(ProjectConfigurationPlatforms) = postSolution
		{EF759E96-4447-4807-AD32-F24829233858}.Debug|Any CPU.ActiveCfg = Debug|Any CPU
		{EF759E96-4447-4807-AD32-F24829233858}.Debug|Any CPU.Build.0 = Debug|Any CPU
		{EF759E96-4447-4807-AD32-F24829233858}.Release|Any CPU.ActiveCfg = Release|Any CPU
		{EF759E96-4447-4807-AD32-F24829233858}.Release|Any CPU.Build.0 = Release|Any CPU
		{5AE2F9F0-7902-4741-B00D-E8EFCFD09306}.Debug|Any CPU.ActiveCfg = Debug|Any CPU
		{5AE2F9F0-7902-4741-B00D-E8EFCFD09306}.Debug|Any CPU.Build.0 = Debug|Any CPU
		{5AE2F9F0-7902-4741-B00D-E8EFCFD09306}.Release|Any CPU.ActiveCfg = Release|Any CPU
		{5AE2F9F0-7902-4741-B00D-E8EFCFD09306}.Release|Any CPU.Build.0 = Release|Any CPU
	EndGlobalSection
	GlobalSection(SolutionProperties) = preSolution
		HideSolutionNode = FALSE
	EndGlobalSection
	GlobalSection(ExtensibilityGlobals) = postSolution
		SolutionGuid = {4371C32E-3014-4FAC-8DC6-0DAA6EE4B25E}
	EndGlobalSection
EndGlobal
